// !$*UTF8*$!
{
	archiveVersion = 1;
	classes = {
	};
	objectVersion = 46;
	objects = {

/* Begin PBXAggregateTarget section */
		4EAE7FFE1644339800A7CC40 /* Ad Hoc Distribution */ = {
			isa = PBXAggregateTarget;
			buildConfigurationList = 4EAE7FFF1644339800A7CC40 /* Build configuration list for PBXAggregateTarget "Ad Hoc Distribution" */;
			buildPhases = (
				4EAE8002164433A400A7CC40 /* ShellScript */,
			);
			dependencies = (
				4EAE8004164433CB00A7CC40 /* PBXTargetDependency */,
			);
			name = "Ad Hoc Distribution";
			productName = "Ad Hoc Distribution";
		};
		4EC50D96165D836A002FBAB8 /* Ad Hoc Distribution 2 */ = {
			isa = PBXAggregateTarget;
			buildConfigurationList = 4EC50D9A165D836A002FBAB8 /* Build configuration list for PBXAggregateTarget "Ad Hoc Distribution 2" */;
			buildPhases = (
				4EC50D99165D836A002FBAB8 /* ShellScript */,
			);
			dependencies = (
				4EC50D97165D836A002FBAB8 /* PBXTargetDependency */,
			);
			name = "Ad Hoc Distribution 2";
			productName = "Ad Hoc Distribution";
		};
/* End PBXAggregateTarget section */

/* Begin PBXBuildFile section */
		0D9766961654262F00EBEA40 /* Accelerate.framework in Frameworks */ = {isa = PBXBuildFile; fileRef = 0D9766951654262F00EBEA40 /* Accelerate.framework */; };
		0D9766981654263500EBEA40 /* AssetsLibrary.framework in Frameworks */ = {isa = PBXBuildFile; fileRef = 0D9766971654263500EBEA40 /* AssetsLibrary.framework */; };
		0D97669A165426AF00EBEA40 /* AVFoundation.framework in Frameworks */ = {isa = PBXBuildFile; fileRef = 0D976699165426AF00EBEA40 /* AVFoundation.framework */; };
		0D97669E165426CA00EBEA40 /* CoreImage.framework in Frameworks */ = {isa = PBXBuildFile; fileRef = 0D97669B165426CA00EBEA40 /* CoreImage.framework */; };
		0D97669F165426CA00EBEA40 /* CoreMedia.framework in Frameworks */ = {isa = PBXBuildFile; fileRef = 0D97669C165426CA00EBEA40 /* CoreMedia.framework */; };
		0D9766A0165426CA00EBEA40 /* CoreVideo.framework in Frameworks */ = {isa = PBXBuildFile; fileRef = 0D97669D165426CA00EBEA40 /* CoreVideo.framework */; };
		0D9766A2165426D700EBEA40 /* QuartzCore.framework in Frameworks */ = {isa = PBXBuildFile; fileRef = 0D9766A1165426D700EBEA40 /* QuartzCore.framework */; };
		0D9766A41654285C00EBEA40 /* opencv2.framework in Frameworks */ = {isa = PBXBuildFile; fileRef = 0D9766A31654285C00EBEA40 /* opencv2.framework */; };
		0DC7B8B01642A26700BB97C3 /* MobileCoreServices.framework in Frameworks */ = {isa = PBXBuildFile; fileRef = 0DC7B8AF1642A26700BB97C3 /* MobileCoreServices.framework */; };
		4E2C668516259DB3003710BC /* OrdoSample.jpg in Resources */ = {isa = PBXBuildFile; fileRef = 4E2C668416259DB3003710BC /* OrdoSample.jpg */; };
		4E8373491635A715007C45E2 /* Photo 10-10-12 11 54 19.jpg in Resources */ = {isa = PBXBuildFile; fileRef = 4E8373481635A715007C45E2 /* Photo 10-10-12 11 54 19.jpg */; };
		4EAE800A1644347500A7CC40 /* Change Log.rtf in Resources */ = {isa = PBXBuildFile; fileRef = 4EAE80091644347500A7CC40 /* Change Log.rtf */; };
		4EB33E6B1649244500B5617C /* Photo 10-10-12 11 54 19 small.jpg in Resources */ = {isa = PBXBuildFile; fileRef = 4EB33E6A1649244500B5617C /* Photo 10-10-12 11 54 19 small.jpg */; };
		4EC50D6A165D6C8B002FBAB8 /* haarcascade_eye.xml in Resources */ = {isa = PBXBuildFile; fileRef = 4EC50D55165D6C8B002FBAB8 /* haarcascade_eye.xml */; };
		4EC50D6B165D6C8B002FBAB8 /* haarcascade_eye_tree_eyeglasses.xml in Resources */ = {isa = PBXBuildFile; fileRef = 4EC50D56165D6C8B002FBAB8 /* haarcascade_eye_tree_eyeglasses.xml */; };
		4EC50D6C165D6C8B002FBAB8 /* haarcascade_frontalface_alt.xml in Resources */ = {isa = PBXBuildFile; fileRef = 4EC50D57165D6C8B002FBAB8 /* haarcascade_frontalface_alt.xml */; };
		4EC50D6D165D6C8B002FBAB8 /* haarcascade_frontalface_alt2.xml in Resources */ = {isa = PBXBuildFile; fileRef = 4EC50D58165D6C8B002FBAB8 /* haarcascade_frontalface_alt2.xml */; };
		4EC50D6E165D6C8B002FBAB8 /* haarcascade_frontalface_alt_tree.xml in Resources */ = {isa = PBXBuildFile; fileRef = 4EC50D59165D6C8B002FBAB8 /* haarcascade_frontalface_alt_tree.xml */; };
		4EC50D6F165D6C8B002FBAB8 /* haarcascade_frontalface_default.xml in Resources */ = {isa = PBXBuildFile; fileRef = 4EC50D5A165D6C8B002FBAB8 /* haarcascade_frontalface_default.xml */; };
		4EC50D70165D6C8B002FBAB8 /* haarcascade_fullbody.xml in Resources */ = {isa = PBXBuildFile; fileRef = 4EC50D5B165D6C8B002FBAB8 /* haarcascade_fullbody.xml */; };
		4EC50D71165D6C8B002FBAB8 /* haarcascade_lefteye_2splits.xml in Resources */ = {isa = PBXBuildFile; fileRef = 4EC50D5C165D6C8B002FBAB8 /* haarcascade_lefteye_2splits.xml */; };
		4EC50D72165D6C8B002FBAB8 /* haarcascade_lowerbody.xml in Resources */ = {isa = PBXBuildFile; fileRef = 4EC50D5D165D6C8B002FBAB8 /* haarcascade_lowerbody.xml */; };
		4EC50D73165D6C8B002FBAB8 /* haarcascade_mcs_eyepair_big.xml in Resources */ = {isa = PBXBuildFile; fileRef = 4EC50D5E165D6C8B002FBAB8 /* haarcascade_mcs_eyepair_big.xml */; };
		4EC50D74165D6C8B002FBAB8 /* haarcascade_mcs_eyepair_small.xml in Resources */ = {isa = PBXBuildFile; fileRef = 4EC50D5F165D6C8B002FBAB8 /* haarcascade_mcs_eyepair_small.xml */; };
		4EC50D75165D6C8B002FBAB8 /* haarcascade_mcs_leftear.xml in Resources */ = {isa = PBXBuildFile; fileRef = 4EC50D60165D6C8B002FBAB8 /* haarcascade_mcs_leftear.xml */; };
		4EC50D76165D6C8B002FBAB8 /* haarcascade_mcs_lefteye.xml in Resources */ = {isa = PBXBuildFile; fileRef = 4EC50D61165D6C8B002FBAB8 /* haarcascade_mcs_lefteye.xml */; };
		4EC50D77165D6C8B002FBAB8 /* haarcascade_mcs_mouth.xml in Resources */ = {isa = PBXBuildFile; fileRef = 4EC50D62165D6C8B002FBAB8 /* haarcascade_mcs_mouth.xml */; };
		4EC50D78165D6C8B002FBAB8 /* haarcascade_mcs_nose.xml in Resources */ = {isa = PBXBuildFile; fileRef = 4EC50D63165D6C8B002FBAB8 /* haarcascade_mcs_nose.xml */; };
		4EC50D79165D6C8B002FBAB8 /* haarcascade_mcs_rightear.xml in Resources */ = {isa = PBXBuildFile; fileRef = 4EC50D64165D6C8B002FBAB8 /* haarcascade_mcs_rightear.xml */; };
		4EC50D7A165D6C8B002FBAB8 /* haarcascade_mcs_righteye.xml in Resources */ = {isa = PBXBuildFile; fileRef = 4EC50D65165D6C8B002FBAB8 /* haarcascade_mcs_righteye.xml */; };
		4EC50D7B165D6C8B002FBAB8 /* haarcascade_mcs_upperbody.xml in Resources */ = {isa = PBXBuildFile; fileRef = 4EC50D66165D6C8B002FBAB8 /* haarcascade_mcs_upperbody.xml */; };
		4EC50D7C165D6C8B002FBAB8 /* haarcascade_profileface.xml in Resources */ = {isa = PBXBuildFile; fileRef = 4EC50D67165D6C8B002FBAB8 /* haarcascade_profileface.xml */; };
		4EC50D7D165D6C8B002FBAB8 /* haarcascade_righteye_2splits.xml in Resources */ = {isa = PBXBuildFile; fileRef = 4EC50D68165D6C8B002FBAB8 /* haarcascade_righteye_2splits.xml */; };
		4EC50D7E165D6C8B002FBAB8 /* haarcascade_upperbody.xml in Resources */ = {isa = PBXBuildFile; fileRef = 4EC50D69165D6C8B002FBAB8 /* haarcascade_upperbody.xml */; };
		4EC50D89165D7368002FBAB8 /* AppDelegate.m in Sources */ = {isa = PBXBuildFile; fileRef = 4EE0518A16247C7500634436 /* AppDelegate.m */; };
		4EC50D8A165D7368002FBAB8 /* ViewController.mm in Sources */ = {isa = PBXBuildFile; fileRef = 4EE0519316247C7500634436 /* ViewController.mm */; };
		4EC50D8B165D7368002FBAB8 /* UIImage+CvMat.mm in Sources */ = {isa = PBXBuildFile; fileRef = 4EC50D52165D6C3A002FBAB8 /* UIImage+CvMat.mm */; };
		4EC50D8C165D736D002FBAB8 /* main.m in Sources */ = {isa = PBXBuildFile; fileRef = 4EE0518616247C7500634436 /* main.m */; };
		4EE0517B16247C7500634436 /* UIKit.framework in Frameworks */ = {isa = PBXBuildFile; fileRef = 4EE0517A16247C7500634436 /* UIKit.framework */; };
		4EE0517D16247C7500634436 /* Foundation.framework in Frameworks */ = {isa = PBXBuildFile; fileRef = 4EE0517C16247C7500634436 /* Foundation.framework */; };
		4EE0517F16247C7500634436 /* CoreGraphics.framework in Frameworks */ = {isa = PBXBuildFile; fileRef = 4EE0517E16247C7500634436 /* CoreGraphics.framework */; };
		4EE0518516247C7500634436 /* InfoPlist.strings in Resources */ = {isa = PBXBuildFile; fileRef = 4EE0518316247C7500634436 /* InfoPlist.strings */; };
		4EE0518D16247C7500634436 /* Default.png in Resources */ = {isa = PBXBuildFile; fileRef = 4EE0518C16247C7500634436 /* Default.png */; };
		4EE0518F16247C7500634436 /* Default@2x.png in Resources */ = {isa = PBXBuildFile; fileRef = 4EE0518E16247C7500634436 /* Default@2x.png */; };
		4EE0519116247C7500634436 /* Default-568h@2x.png in Resources */ = {isa = PBXBuildFile; fileRef = 4EE0519016247C7500634436 /* Default-568h@2x.png */; };
		4EE0519716247C7500634436 /* ViewController.xib in Resources */ = {isa = PBXBuildFile; fileRef = 4EE0519516247C7500634436 /* ViewController.xib */; };
/* End PBXBuildFile section */

/* Begin PBXContainerItemProxy section */
		4EAE8003164433CB00A7CC40 /* PBXContainerItemProxy */ = {
			isa = PBXContainerItemProxy;
			containerPortal = 4EE0516D16247C7500634436 /* Project object */;
			proxyType = 1;
			remoteGlobalIDString = 4EE0517516247C7500634436;
			remoteInfo = VoPoC;
		};
		4EC50D98165D836A002FBAB8 /* PBXContainerItemProxy */ = {
			isa = PBXContainerItemProxy;
			containerPortal = 4EE0516D16247C7500634436 /* Project object */;
			proxyType = 1;
			remoteGlobalIDString = 4EE0517516247C7500634436;
			remoteInfo = VoPoC;
		};
/* End PBXContainerItemProxy section */

/* Begin PBXFileReference section */
		0D9766951654262F00EBEA40 /* Accelerate.framework */ = {isa = PBXFileReference; lastKnownFileType = wrapper.framework; name = Accelerate.framework; path = System/Library/Frameworks/Accelerate.framework; sourceTree = SDKROOT; };
		0D9766971654263500EBEA40 /* AssetsLibrary.framework */ = {isa = PBXFileReference; lastKnownFileType = wrapper.framework; name = AssetsLibrary.framework; path = System/Library/Frameworks/AssetsLibrary.framework; sourceTree = SDKROOT; };
		0D976699165426AF00EBEA40 /* AVFoundation.framework */ = {isa = PBXFileReference; lastKnownFileType = wrapper.framework; name = AVFoundation.framework; path = System/Library/Frameworks/AVFoundation.framework; sourceTree = SDKROOT; };
		0D97669B165426CA00EBEA40 /* CoreImage.framework */ = {isa = PBXFileReference; lastKnownFileType = wrapper.framework; name = CoreImage.framework; path = System/Library/Frameworks/CoreImage.framework; sourceTree = SDKROOT; };
		0D97669C165426CA00EBEA40 /* CoreMedia.framework */ = {isa = PBXFileReference; lastKnownFileType = wrapper.framework; name = CoreMedia.framework; path = System/Library/Frameworks/CoreMedia.framework; sourceTree = SDKROOT; };
		0D97669D165426CA00EBEA40 /* CoreVideo.framework */ = {isa = PBXFileReference; lastKnownFileType = wrapper.framework; name = CoreVideo.framework; path = System/Library/Frameworks/CoreVideo.framework; sourceTree = SDKROOT; };
		0D9766A1165426D700EBEA40 /* QuartzCore.framework */ = {isa = PBXFileReference; lastKnownFileType = wrapper.framework; name = QuartzCore.framework; path = System/Library/Frameworks/QuartzCore.framework; sourceTree = SDKROOT; };
		0D9766A31654285C00EBEA40 /* opencv2.framework */ = {isa = PBXFileReference; lastKnownFileType = wrapper.framework; path = opencv2.framework; sourceTree = "<group>"; };
		0DC7B8AF1642A26700BB97C3 /* MobileCoreServices.framework */ = {isa = PBXFileReference; lastKnownFileType = wrapper.framework; name = MobileCoreServices.framework; path = System/Library/Frameworks/MobileCoreServices.framework; sourceTree = SDKROOT; };
		4E2C668416259DB3003710BC /* OrdoSample.jpg */ = {isa = PBXFileReference; lastKnownFileType = image.jpeg; path = OrdoSample.jpg; sourceTree = "<group>"; };
		4E8373481635A715007C45E2 /* Photo 10-10-12 11 54 19.jpg */ = {isa = PBXFileReference; lastKnownFileType = image.jpeg; path = "Photo 10-10-12 11 54 19.jpg"; sourceTree = "<group>"; };
		4EAE80091644347500A7CC40 /* Change Log.rtf */ = {isa = PBXFileReference; fileEncoding = 4; lastKnownFileType = text.rtf; path = "Change Log.rtf"; sourceTree = SOURCE_ROOT; };
		4EB33E6A1649244500B5617C /* Photo 10-10-12 11 54 19 small.jpg */ = {isa = PBXFileReference; lastKnownFileType = image.jpeg; path = "Photo 10-10-12 11 54 19 small.jpg"; sourceTree = "<group>"; };
		4EC50D51165D6C3A002FBAB8 /* UIImage+CvMat.h */ = {isa = PBXFileReference; fileEncoding = 4; lastKnownFileType = sourcecode.c.h; path = "UIImage+CvMat.h"; sourceTree = "<group>"; };
		4EC50D52165D6C3A002FBAB8 /* UIImage+CvMat.mm */ = {isa = PBXFileReference; fileEncoding = 4; lastKnownFileType = sourcecode.cpp.objcpp; path = "UIImage+CvMat.mm"; sourceTree = "<group>"; };
		4EC50D55165D6C8B002FBAB8 /* haarcascade_eye.xml */ = {isa = PBXFileReference; fileEncoding = 4; lastKnownFileType = text.xml; path = haarcascade_eye.xml; sourceTree = "<group>"; };
		4EC50D56165D6C8B002FBAB8 /* haarcascade_eye_tree_eyeglasses.xml */ = {isa = PBXFileReference; fileEncoding = 4; lastKnownFileType = text.xml; path = haarcascade_eye_tree_eyeglasses.xml; sourceTree = "<group>"; };
		4EC50D57165D6C8B002FBAB8 /* haarcascade_frontalface_alt.xml */ = {isa = PBXFileReference; fileEncoding = 4; lastKnownFileType = text.xml; path = haarcascade_frontalface_alt.xml; sourceTree = "<group>"; };
		4EC50D58165D6C8B002FBAB8 /* haarcascade_frontalface_alt2.xml */ = {isa = PBXFileReference; fileEncoding = 4; lastKnownFileType = text.xml; path = haarcascade_frontalface_alt2.xml; sourceTree = "<group>"; };
		4EC50D59165D6C8B002FBAB8 /* haarcascade_frontalface_alt_tree.xml */ = {isa = PBXFileReference; fileEncoding = 4; lastKnownFileType = text.xml; path = haarcascade_frontalface_alt_tree.xml; sourceTree = "<group>"; };
		4EC50D5A165D6C8B002FBAB8 /* haarcascade_frontalface_default.xml */ = {isa = PBXFileReference; fileEncoding = 4; lastKnownFileType = text.xml; path = haarcascade_frontalface_default.xml; sourceTree = "<group>"; };
		4EC50D5B165D6C8B002FBAB8 /* haarcascade_fullbody.xml */ = {isa = PBXFileReference; fileEncoding = 4; lastKnownFileType = text.xml; path = haarcascade_fullbody.xml; sourceTree = "<group>"; };
		4EC50D5C165D6C8B002FBAB8 /* haarcascade_lefteye_2splits.xml */ = {isa = PBXFileReference; fileEncoding = 4; lastKnownFileType = text.xml; path = haarcascade_lefteye_2splits.xml; sourceTree = "<group>"; };
		4EC50D5D165D6C8B002FBAB8 /* haarcascade_lowerbody.xml */ = {isa = PBXFileReference; fileEncoding = 4; lastKnownFileType = text.xml; path = haarcascade_lowerbody.xml; sourceTree = "<group>"; };
		4EC50D5E165D6C8B002FBAB8 /* haarcascade_mcs_eyepair_big.xml */ = {isa = PBXFileReference; fileEncoding = 4; lastKnownFileType = text.xml; path = haarcascade_mcs_eyepair_big.xml; sourceTree = "<group>"; };
		4EC50D5F165D6C8B002FBAB8 /* haarcascade_mcs_eyepair_small.xml */ = {isa = PBXFileReference; fileEncoding = 4; lastKnownFileType = text.xml; path = haarcascade_mcs_eyepair_small.xml; sourceTree = "<group>"; };
		4EC50D60165D6C8B002FBAB8 /* haarcascade_mcs_leftear.xml */ = {isa = PBXFileReference; fileEncoding = 4; lastKnownFileType = text.xml; path = haarcascade_mcs_leftear.xml; sourceTree = "<group>"; };
		4EC50D61165D6C8B002FBAB8 /* haarcascade_mcs_lefteye.xml */ = {isa = PBXFileReference; fileEncoding = 4; lastKnownFileType = text.xml; path = haarcascade_mcs_lefteye.xml; sourceTree = "<group>"; };
		4EC50D62165D6C8B002FBAB8 /* haarcascade_mcs_mouth.xml */ = {isa = PBXFileReference; fileEncoding = 4; lastKnownFileType = text.xml; path = haarcascade_mcs_mouth.xml; sourceTree = "<group>"; };
		4EC50D63165D6C8B002FBAB8 /* haarcascade_mcs_nose.xml */ = {isa = PBXFileReference; fileEncoding = 4; lastKnownFileType = text.xml; path = haarcascade_mcs_nose.xml; sourceTree = "<group>"; };
		4EC50D64165D6C8B002FBAB8 /* haarcascade_mcs_rightear.xml */ = {isa = PBXFileReference; fileEncoding = 4; lastKnownFileType = text.xml; path = haarcascade_mcs_rightear.xml; sourceTree = "<group>"; };
		4EC50D65165D6C8B002FBAB8 /* haarcascade_mcs_righteye.xml */ = {isa = PBXFileReference; fileEncoding = 4; lastKnownFileType = text.xml; path = haarcascade_mcs_righteye.xml; sourceTree = "<group>"; };
		4EC50D66165D6C8B002FBAB8 /* haarcascade_mcs_upperbody.xml */ = {isa = PBXFileReference; fileEncoding = 4; lastKnownFileType = text.xml; path = haarcascade_mcs_upperbody.xml; sourceTree = "<group>"; };
		4EC50D67165D6C8B002FBAB8 /* haarcascade_profileface.xml */ = {isa = PBXFileReference; fileEncoding = 4; lastKnownFileType = text.xml; path = haarcascade_profileface.xml; sourceTree = "<group>"; };
		4EC50D68165D6C8B002FBAB8 /* haarcascade_righteye_2splits.xml */ = {isa = PBXFileReference; fileEncoding = 4; lastKnownFileType = text.xml; path = haarcascade_righteye_2splits.xml; sourceTree = "<group>"; };
		4EC50D69165D6C8B002FBAB8 /* haarcascade_upperbody.xml */ = {isa = PBXFileReference; fileEncoding = 4; lastKnownFileType = text.xml; path = haarcascade_upperbody.xml; sourceTree = "<group>"; };
		4EE0517616247C7500634436 /* VoPoC.app */ = {isa = PBXFileReference; explicitFileType = wrapper.application; includeInIndex = 0; path = VoPoC.app; sourceTree = BUILT_PRODUCTS_DIR; };
		4EE0517A16247C7500634436 /* UIKit.framework */ = {isa = PBXFileReference; lastKnownFileType = wrapper.framework; name = UIKit.framework; path = System/Library/Frameworks/UIKit.framework; sourceTree = SDKROOT; };
		4EE0517C16247C7500634436 /* Foundation.framework */ = {isa = PBXFileReference; lastKnownFileType = wrapper.framework; name = Foundation.framework; path = System/Library/Frameworks/Foundation.framework; sourceTree = SDKROOT; };
		4EE0517E16247C7500634436 /* CoreGraphics.framework */ = {isa = PBXFileReference; lastKnownFileType = wrapper.framework; name = CoreGraphics.framework; path = System/Library/Frameworks/CoreGraphics.framework; sourceTree = SDKROOT; };
		4EE0518216247C7500634436 /* OrdoScan-Info.plist */ = {isa = PBXFileReference; lastKnownFileType = text.plist.xml; path = "OrdoScan-Info.plist"; sourceTree = "<group>"; };
		4EE0518416247C7500634436 /* en */ = {isa = PBXFileReference; lastKnownFileType = text.plist.strings; name = en; path = en.lproj/InfoPlist.strings; sourceTree = "<group>"; };
		4EE0518616247C7500634436 /* main.m */ = {isa = PBXFileReference; lastKnownFileType = sourcecode.c.objc; path = main.m; sourceTree = "<group>"; };
		4EE0518816247C7500634436 /* OrdoScan-Prefix.pch */ = {isa = PBXFileReference; lastKnownFileType = sourcecode.c.h; path = "OrdoScan-Prefix.pch"; sourceTree = "<group>"; };
		4EE0518916247C7500634436 /* AppDelegate.h */ = {isa = PBXFileReference; lastKnownFileType = sourcecode.c.h; path = AppDelegate.h; sourceTree = "<group>"; };
		4EE0518A16247C7500634436 /* AppDelegate.m */ = {isa = PBXFileReference; lastKnownFileType = sourcecode.c.objc; path = AppDelegate.m; sourceTree = "<group>"; };
		4EE0518C16247C7500634436 /* Default.png */ = {isa = PBXFileReference; lastKnownFileType = image.png; path = Default.png; sourceTree = "<group>"; };
		4EE0518E16247C7500634436 /* Default@2x.png */ = {isa = PBXFileReference; lastKnownFileType = image.png; path = "Default@2x.png"; sourceTree = "<group>"; };
		4EE0519016247C7500634436 /* Default-568h@2x.png */ = {isa = PBXFileReference; lastKnownFileType = image.png; path = "Default-568h@2x.png"; sourceTree = "<group>"; };
		4EE0519216247C7500634436 /* ViewController.h */ = {isa = PBXFileReference; lastKnownFileType = sourcecode.c.h; path = ViewController.h; sourceTree = "<group>"; };
		4EE0519316247C7500634436 /* ViewController.mm */ = {isa = PBXFileReference; lastKnownFileType = sourcecode.cpp.objcpp; path = ViewController.mm; sourceTree = "<group>"; };
		4EE0519616247C7500634436 /* en */ = {isa = PBXFileReference; lastKnownFileType = file.xib; name = en; path = en.lproj/ViewController.xib; sourceTree = "<group>"; };
		4EE0519E16247C7500634436 /* SenTestingKit.framework */ = {isa = PBXFileReference; lastKnownFileType = wrapper.framework; name = SenTestingKit.framework; path = Library/Frameworks/SenTestingKit.framework; sourceTree = DEVELOPER_DIR; };
/* End PBXFileReference section */

/* Begin PBXFrameworksBuildPhase section */
		4EE0517316247C7500634436 /* Frameworks */ = {
			isa = PBXFrameworksBuildPhase;
			buildActionMask = 2147483647;
			files = (
				0D9766A2165426D700EBEA40 /* QuartzCore.framework in Frameworks */,
				0D97669E165426CA00EBEA40 /* CoreImage.framework in Frameworks */,
				0D97669F165426CA00EBEA40 /* CoreMedia.framework in Frameworks */,
				0D9766A0165426CA00EBEA40 /* CoreVideo.framework in Frameworks */,
				0D97669A165426AF00EBEA40 /* AVFoundation.framework in Frameworks */,
				0D9766981654263500EBEA40 /* AssetsLibrary.framework in Frameworks */,
				0D9766961654262F00EBEA40 /* Accelerate.framework in Frameworks */,
				0DC7B8B01642A26700BB97C3 /* MobileCoreServices.framework in Frameworks */,
				4EE0517B16247C7500634436 /* UIKit.framework in Frameworks */,
				4EE0517D16247C7500634436 /* Foundation.framework in Frameworks */,
				4EE0517F16247C7500634436 /* CoreGraphics.framework in Frameworks */,
				0D9766A41654285C00EBEA40 /* opencv2.framework in Frameworks */,
			);
			runOnlyForDeploymentPostprocessing = 0;
		};
/* End PBXFrameworksBuildPhase section */

/* Begin PBXGroup section */
		4E2C668316259DB3003710BC /* Resources */ = {
			isa = PBXGroup;
			children = (
				4E2C668416259DB3003710BC /* OrdoSample.jpg */,
				4E8373481635A715007C45E2 /* Photo 10-10-12 11 54 19.jpg */,
				4EB33E6A1649244500B5617C /* Photo 10-10-12 11 54 19 small.jpg */,
			);
			path = Resources;
			sourceTree = "<group>";
		};
		4EC50D54165D6C8B002FBAB8 /* haarcascades */ = {
			isa = PBXGroup;
			children = (
				4EC50D55165D6C8B002FBAB8 /* haarcascade_eye.xml */,
				4EC50D56165D6C8B002FBAB8 /* haarcascade_eye_tree_eyeglasses.xml */,
				4EC50D57165D6C8B002FBAB8 /* haarcascade_frontalface_alt.xml */,
				4EC50D58165D6C8B002FBAB8 /* haarcascade_frontalface_alt2.xml */,
				4EC50D59165D6C8B002FBAB8 /* haarcascade_frontalface_alt_tree.xml */,
				4EC50D5A165D6C8B002FBAB8 /* haarcascade_frontalface_default.xml */,
				4EC50D5B165D6C8B002FBAB8 /* haarcascade_fullbody.xml */,
				4EC50D5C165D6C8B002FBAB8 /* haarcascade_lefteye_2splits.xml */,
				4EC50D5D165D6C8B002FBAB8 /* haarcascade_lowerbody.xml */,
				4EC50D5E165D6C8B002FBAB8 /* haarcascade_mcs_eyepair_big.xml */,
				4EC50D5F165D6C8B002FBAB8 /* haarcascade_mcs_eyepair_small.xml */,
				4EC50D60165D6C8B002FBAB8 /* haarcascade_mcs_leftear.xml */,
				4EC50D61165D6C8B002FBAB8 /* haarcascade_mcs_lefteye.xml */,
				4EC50D62165D6C8B002FBAB8 /* haarcascade_mcs_mouth.xml */,
				4EC50D63165D6C8B002FBAB8 /* haarcascade_mcs_nose.xml */,
				4EC50D64165D6C8B002FBAB8 /* haarcascade_mcs_rightear.xml */,
				4EC50D65165D6C8B002FBAB8 /* haarcascade_mcs_righteye.xml */,
				4EC50D66165D6C8B002FBAB8 /* haarcascade_mcs_upperbody.xml */,
				4EC50D67165D6C8B002FBAB8 /* haarcascade_profileface.xml */,
				4EC50D68165D6C8B002FBAB8 /* haarcascade_righteye_2splits.xml */,
				4EC50D69165D6C8B002FBAB8 /* haarcascade_upperbody.xml */,
			);
			path = haarcascades;
			sourceTree = "<group>";
		};
		4ED3C7A9164AA2A700CA4C1D /* Test Bench */ = {
			isa = PBXGroup;
			children = (
				4EE0518916247C7500634436 /* AppDelegate.h */,
				4EE0518A16247C7500634436 /* AppDelegate.m */,
				4EE0518816247C7500634436 /* OrdoScan-Prefix.pch */,
				4EE0518216247C7500634436 /* OrdoScan-Info.plist */,
				4EE0519216247C7500634436 /* ViewController.h */,
				4EE0519316247C7500634436 /* ViewController.mm */,
				4EE0519516247C7500634436 /* ViewController.xib */,
				4EC50D51165D6C3A002FBAB8 /* UIImage+CvMat.h */,
				4EC50D52165D6C3A002FBAB8 /* UIImage+CvMat.mm */,
				4EC50D54165D6C8B002FBAB8 /* haarcascades */,
			);
			name = "Test Bench";
			sourceTree = "<group>";
		};
		4EE0516B16247C7500634436 = {
			isa = PBXGroup;
			children = (
				4EE0518016247C7500634436 /* VoPoC */,
				4EE0517916247C7500634436 /* Frameworks */,
				4EE0517716247C7500634436 /* Products */,
			);
			sourceTree = "<group>";
		};
		4EE0517716247C7500634436 /* Products */ = {
			isa = PBXGroup;
			children = (
				4EE0517616247C7500634436 /* VoPoC.app */,
			);
			name = Products;
			sourceTree = "<group>";
		};
		4EE0517916247C7500634436 /* Frameworks */ = {
			isa = PBXGroup;
			children = (
				0D9766A31654285C00EBEA40 /* opencv2.framework */,
				0D9766A1165426D700EBEA40 /* QuartzCore.framework */,
				0D97669B165426CA00EBEA40 /* CoreImage.framework */,
				0D97669C165426CA00EBEA40 /* CoreMedia.framework */,
				0D97669D165426CA00EBEA40 /* CoreVideo.framework */,
				0D976699165426AF00EBEA40 /* AVFoundation.framework */,
				0D9766971654263500EBEA40 /* AssetsLibrary.framework */,
				0D9766951654262F00EBEA40 /* Accelerate.framework */,
				0DC7B8AF1642A26700BB97C3 /* MobileCoreServices.framework */,
				4EE0517A16247C7500634436 /* UIKit.framework */,
				4EE0517C16247C7500634436 /* Foundation.framework */,
				4EE0517E16247C7500634436 /* CoreGraphics.framework */,
				4EE0519E16247C7500634436 /* SenTestingKit.framework */,
			);
			name = Frameworks;
			sourceTree = "<group>";
		};
		4EE0518016247C7500634436 /* VoPoC */ = {
			isa = PBXGroup;
			children = (
				4EAE80091644347500A7CC40 /* Change Log.rtf */,
				4ED3C7A9164AA2A700CA4C1D /* Test Bench */,
				4E2C668316259DB3003710BC /* Resources */,
				4EE0518116247C7500634436 /* Supporting Files */,
			);
			path = VoPoC;
			sourceTree = "<group>";
		};
		4EE0518116247C7500634436 /* Supporting Files */ = {
			isa = PBXGroup;
			children = (
				4EE0518316247C7500634436 /* InfoPlist.strings */,
				4EE0518616247C7500634436 /* main.m */,
				4EE0518C16247C7500634436 /* Default.png */,
				4EE0518E16247C7500634436 /* Default@2x.png */,
				4EE0519016247C7500634436 /* Default-568h@2x.png */,
			);
			name = "Supporting Files";
			sourceTree = "<group>";
		};
/* End PBXGroup section */

/* Begin PBXNativeTarget section */
		4EE0517516247C7500634436 /* VoPoC */ = {
			isa = PBXNativeTarget;
			buildConfigurationList = 4EE051AF16247C7500634436 /* Build configuration list for PBXNativeTarget "VoPoC" */;
			buildPhases = (
				4EE0517216247C7500634436 /* Sources */,
				4EE0517316247C7500634436 /* Frameworks */,
				4EE0517416247C7500634436 /* Resources */,
			);
			buildRules = (
			);
			dependencies = (
			);
			name = VoPoC;
			productName = VoPoC;
			productReference = 4EE0517616247C7500634436 /* VoPoC.app */;
			productType = "com.apple.product-type.application";
		};
/* End PBXNativeTarget section */

/* Begin PBXProject section */
		4EE0516D16247C7500634436 /* Project object */ = {
			isa = PBXProject;
			attributes = {
				LastUpgradeCheck = 0450;
				ORGANIZATIONNAME = "L'atelier du mobile";
			};
			buildConfigurationList = 4EE0517016247C7500634436 /* Build configuration list for PBXProject "VoPoC" */;
			compatibilityVersion = "Xcode 3.2";
			developmentRegion = English;
			hasScannedForEncodings = 0;
			knownRegions = (
				en,
			);
			mainGroup = 4EE0516B16247C7500634436;
			productRefGroup = 4EE0517716247C7500634436 /* Products */;
			projectDirPath = "";
			projectRoot = "";
			targets = (
				4EE0517516247C7500634436 /* VoPoC */,
				4EAE7FFE1644339800A7CC40 /* Ad Hoc Distribution */,
				4EC50D96165D836A002FBAB8 /* Ad Hoc Distribution 2 */,
			);
		};
/* End PBXProject section */

/* Begin PBXResourcesBuildPhase section */
		4EE0517416247C7500634436 /* Resources */ = {
			isa = PBXResourcesBuildPhase;
			buildActionMask = 2147483647;
			files = (
				4EE0518516247C7500634436 /* InfoPlist.strings in Resources */,
				4EE0518D16247C7500634436 /* Default.png in Resources */,
				4EE0518F16247C7500634436 /* Default@2x.png in Resources */,
				4EE0519116247C7500634436 /* Default-568h@2x.png in Resources */,
				4EE0519716247C7500634436 /* ViewController.xib in Resources */,
				4E2C668516259DB3003710BC /* OrdoSample.jpg in Resources */,
				4E8373491635A715007C45E2 /* Photo 10-10-12 11 54 19.jpg in Resources */,
				4EAE800A1644347500A7CC40 /* Change Log.rtf in Resources */,
				4EB33E6B1649244500B5617C /* Photo 10-10-12 11 54 19 small.jpg in Resources */,
				4EC50D6A165D6C8B002FBAB8 /* haarcascade_eye.xml in Resources */,
				4EC50D6B165D6C8B002FBAB8 /* haarcascade_eye_tree_eyeglasses.xml in Resources */,
				4EC50D6C165D6C8B002FBAB8 /* haarcascade_frontalface_alt.xml in Resources */,
				4EC50D6D165D6C8B002FBAB8 /* haarcascade_frontalface_alt2.xml in Resources */,
				4EC50D6E165D6C8B002FBAB8 /* haarcascade_frontalface_alt_tree.xml in Resources */,
				4EC50D6F165D6C8B002FBAB8 /* haarcascade_frontalface_default.xml in Resources */,
				4EC50D70165D6C8B002FBAB8 /* haarcascade_fullbody.xml in Resources */,
				4EC50D71165D6C8B002FBAB8 /* haarcascade_lefteye_2splits.xml in Resources */,
				4EC50D72165D6C8B002FBAB8 /* haarcascade_lowerbody.xml in Resources */,
				4EC50D73165D6C8B002FBAB8 /* haarcascade_mcs_eyepair_big.xml in Resources */,
				4EC50D74165D6C8B002FBAB8 /* haarcascade_mcs_eyepair_small.xml in Resources */,
				4EC50D75165D6C8B002FBAB8 /* haarcascade_mcs_leftear.xml in Resources */,
				4EC50D76165D6C8B002FBAB8 /* haarcascade_mcs_lefteye.xml in Resources */,
				4EC50D77165D6C8B002FBAB8 /* haarcascade_mcs_mouth.xml in Resources */,
				4EC50D78165D6C8B002FBAB8 /* haarcascade_mcs_nose.xml in Resources */,
				4EC50D79165D6C8B002FBAB8 /* haarcascade_mcs_rightear.xml in Resources */,
				4EC50D7A165D6C8B002FBAB8 /* haarcascade_mcs_righteye.xml in Resources */,
				4EC50D7B165D6C8B002FBAB8 /* haarcascade_mcs_upperbody.xml in Resources */,
				4EC50D7C165D6C8B002FBAB8 /* haarcascade_profileface.xml in Resources */,
				4EC50D7D165D6C8B002FBAB8 /* haarcascade_righteye_2splits.xml in Resources */,
				4EC50D7E165D6C8B002FBAB8 /* haarcascade_upperbody.xml in Resources */,
			);
			runOnlyForDeploymentPostprocessing = 0;
		};
/* End PBXResourcesBuildPhase section */

/* Begin PBXShellScriptBuildPhase section */
		4EAE8002164433A400A7CC40 /* ShellScript */ = {
			isa = PBXShellScriptBuildPhase;
			buildActionMask = 2147483647;
			files = (
			);
			inputPaths = (
			);
			outputPaths = (
			);
			runOnlyForDeploymentPostprocessing = 0;
			shellPath = /bin/sh;
			shellScript = "source ~/.profile\n\nbetaBuild.sh --projectDir \"$PROJECT_DIR\" --skipBuild --manifest --targetSDK \"$PLATFORM_NAME\" --configuration \"$CONFIGURATION\" --targetBuildFolder \"$TARGET_BUILD_DIR\" --targetFolderName VoPoC --outputFileName VoPoC.ipa --sourceAppName VoPoC.app --ftp\n";
		};
		4EC50D99165D836A002FBAB8 /* ShellScript */ = {
			isa = PBXShellScriptBuildPhase;
			buildActionMask = 2147483647;
			files = (
			);
			inputPaths = (
			);
			outputPaths = (
			);
			runOnlyForDeploymentPostprocessing = 0;
			shellPath = /bin/sh;
			shellScript = "source ~/.profile\n\nbetaBuild.sh --projectDir \"$PROJECT_DIR\" --skipBuild --manifest --targetSDK \"$PLATFORM_NAME\" --configuration \"$CONFIGURATION\" --targetBuildFolder \"$TARGET_BUILD_DIR\" --targetFolderName VoPoC_2 --outputFileName VoPoC_2.ipa --sourceAppName VoPoC_2.app --ftp\n";
		};
/* End PBXShellScriptBuildPhase section */

/* Begin PBXSourcesBuildPhase section */
		4EE0517216247C7500634436 /* Sources */ = {
			isa = PBXSourcesBuildPhase;
			buildActionMask = 2147483647;
			files = (
				4EC50D89165D7368002FBAB8 /* AppDelegate.m in Sources */,
				4EC50D8A165D7368002FBAB8 /* ViewController.mm in Sources */,
				4EC50D8B165D7368002FBAB8 /* UIImage+CvMat.mm in Sources */,
				4EC50D8C165D736D002FBAB8 /* main.m in Sources */,
			);
			runOnlyForDeploymentPostprocessing = 0;
		};
/* End PBXSourcesBuildPhase section */

/* Begin PBXTargetDependency section */
		4EAE8004164433CB00A7CC40 /* PBXTargetDependency */ = {
			isa = PBXTargetDependency;
			target = 4EE0517516247C7500634436 /* VoPoC */;
			targetProxy = 4EAE8003164433CB00A7CC40 /* PBXContainerItemProxy */;
		};
		4EC50D97165D836A002FBAB8 /* PBXTargetDependency */ = {
			isa = PBXTargetDependency;
			target = 4EE0517516247C7500634436 /* VoPoC */;
			targetProxy = 4EC50D98165D836A002FBAB8 /* PBXContainerItemProxy */;
		};
/* End PBXTargetDependency section */

/* Begin PBXVariantGroup section */
		4EE0518316247C7500634436 /* InfoPlist.strings */ = {
			isa = PBXVariantGroup;
			children = (
				4EE0518416247C7500634436 /* en */,
			);
			name = InfoPlist.strings;
			sourceTree = "<group>";
		};
		4EE0519516247C7500634436 /* ViewController.xib */ = {
			isa = PBXVariantGroup;
			children = (
				4EE0519616247C7500634436 /* en */,
			);
			name = ViewController.xib;
			sourceTree = "<group>";
		};
/* End PBXVariantGroup section */

/* Begin XCBuildConfiguration section */
		4EAE80001644339800A7CC40 /* Debug */ = {
			isa = XCBuildConfiguration;
			buildSettings = {
				PRODUCT_NAME = "$(TARGET_NAME)";
			};
			name = Debug;
		};
		4EAE80011644339800A7CC40 /* Release */ = {
			isa = XCBuildConfiguration;
			buildSettings = {
				PRODUCT_NAME = "$(TARGET_NAME)";
			};
			name = Release;
		};
		4EAE8005164433D500A7CC40 /* Distribution (adhoc) */ = {
			isa = XCBuildConfiguration;
			buildSettings = {
				ALWAYS_SEARCH_USER_PATHS = NO;
				ARCHS = armv7;
				CLANG_CXX_LIBRARY = "libc++";
				CLANG_ENABLE_OBJC_ARC = YES;
				CLANG_WARN_EMPTY_BODY = YES;
				CLANG_WARN__DUPLICATE_METHOD_MATCH = YES;
				CODE_SIGN_IDENTITY = "iPhone Distribution: L'Atelier du Mobile";
				GCC_WARN_ABOUT_RETURN_TYPE = YES;
				GCC_WARN_UNINITIALIZED_AUTOS = YES;
				GCC_WARN_UNUSED_VARIABLE = YES;
				IPHONEOS_DEPLOYMENT_TARGET = 5.0;
				OTHER_CFLAGS = "-DNS_BLOCK_ASSERTIONS=1";
				PROVISIONING_PROFILE = "171D370E-9D9C-4377-A428-60BB552A4028";
				SDKROOT = iphoneos;
				VALIDATE_PRODUCT = YES;
				VALID_ARCHS = armv7;
			};
			name = "Distribution (adhoc)";
		};
		4EAE8006164433D500A7CC40 /* Distribution (adhoc) */ = {
			isa = XCBuildConfiguration;
			buildSettings = {
				FRAMEWORK_SEARCH_PATHS = (
					"$(inherited)",
					"\"$(SRCROOT)\"",
				);
				GCC_PRECOMPILE_PREFIX_HEADER = YES;
				GCC_PREFIX_HEADER = "VoPoC/OrdoScan-Prefix.pch";
				INFOPLIST_FILE = "VoPoC/OrdoScan-Info.plist";
				PRODUCT_NAME = "$(TARGET_NAME)_2";
				WRAPPER_EXTENSION = app;
			};
			name = "Distribution (adhoc)";
		};
		4EAE8008164433D500A7CC40 /* Distribution (adhoc) */ = {
			isa = XCBuildConfiguration;
			buildSettings = {
				PRODUCT_NAME = "$(TARGET_NAME)";
			};
			name = "Distribution (adhoc)";
		};
		4EC50D9B165D836A002FBAB8 /* Debug */ = {
			isa = XCBuildConfiguration;
			buildSettings = {
				PRODUCT_NAME = "Ad Hoc Distribution copy";
			};
			name = Debug;
		};
		4EC50D9C165D836A002FBAB8 /* Release */ = {
			isa = XCBuildConfiguration;
			buildSettings = {
				PRODUCT_NAME = "Ad Hoc Distribution copy";
			};
			name = Release;
		};
		4EC50D9D165D836A002FBAB8 /* Distribution (adhoc) */ = {
			isa = XCBuildConfiguration;
			buildSettings = {
				PRODUCT_NAME = "Ad Hoc Distribution copy";
			};
			name = "Distribution (adhoc)";
		};
		4EE051AD16247C7500634436 /* Debug */ = {
			isa = XCBuildConfiguration;
			buildSettings = {
				ALWAYS_SEARCH_USER_PATHS = NO;
				ARCHS = armv7;
				CLANG_CXX_LIBRARY = "libc++";
				CLANG_ENABLE_OBJC_ARC = YES;
				CLANG_WARN_EMPTY_BODY = YES;
				CLANG_WARN__DUPLICATE_METHOD_MATCH = YES;
				CODE_SIGN_IDENTITY = "iPhone Distribution: L'Atelier du Mobile";
				COPY_PHASE_STRIP = NO;
				GCC_DYNAMIC_NO_PIC = NO;
				GCC_OPTIMIZATION_LEVEL = 0;
				GCC_PREPROCESSOR_DEFINITIONS = (
					"DEBUG=1",
					"$(inherited)",
				);
				GCC_SYMBOLS_PRIVATE_EXTERN = NO;
				GCC_WARN_ABOUT_RETURN_TYPE = YES;
				GCC_WARN_UNINITIALIZED_AUTOS = YES;
				GCC_WARN_UNUSED_VARIABLE = YES;
				IPHONEOS_DEPLOYMENT_TARGET = 5.0;
				ONLY_ACTIVE_ARCH = YES;
				PROVISIONING_PROFILE = "171D370E-9D9C-4377-A428-60BB552A4028";
				SDKROOT = iphoneos;
				VALID_ARCHS = armv7;
			};
			name = Debug;
		};
		4EE051AE16247C7500634436 /* Release */ = {
			isa = XCBuildConfiguration;
			buildSettings = {
				ALWAYS_SEARCH_USER_PATHS = NO;
				ARCHS = armv7;
				CLANG_CXX_LIBRARY = "libc++";
				CLANG_ENABLE_OBJC_ARC = YES;
				CLANG_WARN_EMPTY_BODY = YES;
				CLANG_WARN__DUPLICATE_METHOD_MATCH = YES;
				CODE_SIGN_IDENTITY = "iPhone Distribution: L'Atelier du Mobile";
				GCC_WARN_ABOUT_RETURN_TYPE = YES;
				GCC_WARN_UNINITIALIZED_AUTOS = YES;
				GCC_WARN_UNUSED_VARIABLE = YES;
				IPHONEOS_DEPLOYMENT_TARGET = 5.0;
				OTHER_CFLAGS = "-DNS_BLOCK_ASSERTIONS=1";
				PROVISIONING_PROFILE = "171D370E-9D9C-4377-A428-60BB552A4028";
				SDKROOT = iphoneos;
				VALIDATE_PRODUCT = YES;
				VALID_ARCHS = armv7;
			};
			name = Release;
		};
		4EE051B016247C7500634436 /* Debug */ = {
			isa = XCBuildConfiguration;
			buildSettings = {
				FRAMEWORK_SEARCH_PATHS = (
					"$(inherited)",
					"\"$(SRCROOT)\"",
				);
				GCC_PRECOMPILE_PREFIX_HEADER = YES;
				GCC_PREFIX_HEADER = "VoPoC/OrdoScan-Prefix.pch";
				INFOPLIST_FILE = "VoPoC/OrdoScan-Info.plist";
				PRODUCT_NAME = "$(TARGET_NAME)_2";
				WRAPPER_EXTENSION = app;
			};
			name = Debug;
		};
		4EE051B116247C7500634436 /* Release */ = {
			isa = XCBuildConfiguration;
			buildSettings = {
				FRAMEWORK_SEARCH_PATHS = (
					"$(inherited)",
					"\"$(SRCROOT)\"",
				);
				GCC_PRECOMPILE_PREFIX_HEADER = YES;
				GCC_PREFIX_HEADER = "VoPoC/OrdoScan-Prefix.pch";
				INFOPLIST_FILE = "VoPoC/OrdoScan-Info.plist";
				PRODUCT_NAME = "$(TARGET_NAME)_2";
				WRAPPER_EXTENSION = app;
			};
			name = Release;
		};
/* End XCBuildConfiguration section */

/* Begin XCConfigurationList section */
		4EAE7FFF1644339800A7CC40 /* Build configuration list for PBXAggregateTarget "Ad Hoc Distribution" */ = {
			isa = XCConfigurationList;
			buildConfigurations = (
				4EAE80001644339800A7CC40 /* Debug */,
				4EAE80011644339800A7CC40 /* Release */,
				4EAE8008164433D500A7CC40 /* Distribution (adhoc) */,
			);
			defaultConfigurationIsVisible = 0;
			defaultConfigurationName = Release;
		};
		4EC50D9A165D836A002FBAB8 /* Build configuration list for PBXAggregateTarget "Ad Hoc Distribution 2" */ = {
			isa = XCConfigurationList;
			buildConfigurations = (
				4EC50D9B165D836A002FBAB8 /* Debug */,
				4EC50D9C165D836A002FBAB8 /* Release */,
				4EC50D9D165D836A002FBAB8 /* Distribution (adhoc) */,
			);
			defaultConfigurationIsVisible = 0;
			defaultConfigurationName = Release;
		};
		4EE0517016247C7500634436 /* Build configuration list for PBXProject "VoPoC" */ = {
			isa = XCConfigurationList;
			buildConfigurations = (
				4EE051AD16247C7500634436 /* Debug */,
				4EE051AE16247C7500634436 /* Release */,
				4EAE8005164433D500A7CC40 /* Distribution (adhoc) */,
			);
			defaultConfigurationIsVisible = 0;
			defaultConfigurationName = Release;
		};
		4EE051AF16247C7500634436 /* Build configuration list for PBXNativeTarget "VoPoC" */ = {
			isa = XCConfigurationList;
			buildConfigurations = (
				4EE051B016247C7500634436 /* Debug */,
				4EE051B116247C7500634436 /* Release */,
				4EAE8006164433D500A7CC40 /* Distribution (adhoc) */,
			);
			defaultConfigurationIsVisible = 0;
			defaultConfigurationName = Release;
		};
/* End XCConfigurationList section */
	};
	rootObject = 4EE0516D16247C7500634436 /* Project object */;
}
